// !$*UTF8*$!
{
	archiveVersion = 1;
	classes = {
	};
	objectVersion = 46;
	objects = {

/* Begin PBXBuildFile section */
		C9A61CED18E5E5BB00BD617C /* Foundation.framework in Frameworks */ = {isa = PBXBuildFile; fileRef = C9A61CEC18E5E5BB00BD617C /* Foundation.framework */; };
		C9A61CEF18E5E5BB00BD617C /* CoreGraphics.framework in Frameworks */ = {isa = PBXBuildFile; fileRef = C9A61CEE18E5E5BB00BD617C /* CoreGraphics.framework */; };
		C9A61CF118E5E5BB00BD617C /* UIKit.framework in Frameworks */ = {isa = PBXBuildFile; fileRef = C9A61CF018E5E5BB00BD617C /* UIKit.framework */; };
		C9A61CF718E5E5BB00BD617C /* InfoPlist.strings in Resources */ = {isa = PBXBuildFile; fileRef = C9A61CF518E5E5BB00BD617C /* InfoPlist.strings */; };
		C9A61CF918E5E5BB00BD617C /* main.m in Sources */ = {isa = PBXBuildFile; fileRef = C9A61CF818E5E5BB00BD617C /* main.m */; };
		C9A61CFD18E5E5BB00BD617C /* AZAppDelegate.m in Sources */ = {isa = PBXBuildFile; fileRef = C9A61CFC18E5E5BB00BD617C /* AZAppDelegate.m */; };
		C9A61CFF18E5E5BB00BD617C /* Images.xcassets in Resources */ = {isa = PBXBuildFile; fileRef = C9A61CFE18E5E5BB00BD617C /* Images.xcassets */; };
		C9A61D0618E5E5BB00BD617C /* XCTest.framework in Frameworks */ = {isa = PBXBuildFile; fileRef = C9A61D0518E5E5BB00BD617C /* XCTest.framework */; };
		C9A61D0718E5E5BB00BD617C /* Foundation.framework in Frameworks */ = {isa = PBXBuildFile; fileRef = C9A61CEC18E5E5BB00BD617C /* Foundation.framework */; };
		C9A61D0818E5E5BB00BD617C /* UIKit.framework in Frameworks */ = {isa = PBXBuildFile; fileRef = C9A61CF018E5E5BB00BD617C /* UIKit.framework */; };
		C9A61D1018E5E5BB00BD617C /* InfoPlist.strings in Resources */ = {isa = PBXBuildFile; fileRef = C9A61D0E18E5E5BB00BD617C /* InfoPlist.strings */; };
		C9A61D1218E5E5BB00BD617C /* twitterclientTests.m in Sources */ = {isa = PBXBuildFile; fileRef = C9A61D1118E5E5BB00BD617C /* twitterclientTests.m */; };
/* End PBXBuildFile section */

/* Begin PBXContainerItemProxy section */
		C9A61D0918E5E5BB00BD617C /* PBXContainerItemProxy */ = {
			isa = PBXContainerItemProxy;
			containerPortal = C9A61CE118E5E5BB00BD617C /* Project object */;
			proxyType = 1;
			remoteGlobalIDString = C9A61CE818E5E5BB00BD617C;
			remoteInfo = twitterclient;
		};
/* End PBXContainerItemProxy section */

/* Begin PBXFileReference section */
		C9A61CE918E5E5BB00BD617C /* twitterclient.app */ = {isa = PBXFileReference; explicitFileType = wrapper.application; includeInIndex = 0; path = twitterclient.app; sourceTree = BUILT_PRODUCTS_DIR; };
		C9A61CEC18E5E5BB00BD617C /* Foundation.framework */ = {isa = PBXFileReference; lastKnownFileType = wrapper.framework; name = Foundation.framework; path = System/Library/Frameworks/Foundation.framework; sourceTree = SDKROOT; };
		C9A61CEE18E5E5BB00BD617C /* CoreGraphics.framework */ = {isa = PBXFileReference; lastKnownFileType = wrapper.framework; name = CoreGraphics.framework; path = System/Library/Frameworks/CoreGraphics.framework; sourceTree = SDKROOT; };
		C9A61CF018E5E5BB00BD617C /* UIKit.framework */ = {isa = PBXFileReference; lastKnownFileType = wrapper.framework; name = UIKit.framework; path = System/Library/Frameworks/UIKit.framework; sourceTree = SDKROOT; };
		C9A61CF418E5E5BB00BD617C /* twitterclient-Info.plist */ = {isa = PBXFileReference; lastKnownFileType = text.plist.xml; path = "twitterclient-Info.plist"; sourceTree = "<group>"; };
		C9A61CF618E5E5BB00BD617C /* en */ = {isa = PBXFileReference; lastKnownFileType = text.plist.strings; name = en; path = en.lproj/InfoPlist.strings; sourceTree = "<group>"; };
		C9A61CF818E5E5BB00BD617C /* main.m */ = {isa = PBXFileReference; lastKnownFileType = sourcecode.c.objc; path = main.m; sourceTree = "<group>"; };
		C9A61CFA18E5E5BB00BD617C /* twitterclient-Prefix.pch */ = {isa = PBXFileReference; lastKnownFileType = sourcecode.c.h; path = "twitterclient-Prefix.pch"; sourceTree = "<group>"; };
		C9A61CFB18E5E5BB00BD617C /* AZAppDelegate.h */ = {isa = PBXFileReference; lastKnownFileType = sourcecode.c.h; path = AZAppDelegate.h; sourceTree = "<group>"; };
		C9A61CFC18E5E5BB00BD617C /* AZAppDelegate.m */ = {isa = PBXFileReference; lastKnownFileType = sourcecode.c.objc; path = AZAppDelegate.m; sourceTree = "<group>"; };
		C9A61CFE18E5E5BB00BD617C /* Images.xcassets */ = {isa = PBXFileReference; lastKnownFileType = folder.assetcatalog; path = Images.xcassets; sourceTree = "<group>"; };
		C9A61D0418E5E5BB00BD617C /* twitterclientTests.xctest */ = {isa = PBXFileReference; explicitFileType = wrapper.cfbundle; includeInIndex = 0; path = twitterclientTests.xctest; sourceTree = BUILT_PRODUCTS_DIR; };
		C9A61D0518E5E5BB00BD617C /* XCTest.framework */ = {isa = PBXFileReference; lastKnownFileType = wrapper.framework; name = XCTest.framework; path = Library/Frameworks/XCTest.framework; sourceTree = DEVELOPER_DIR; };
		C9A61D0D18E5E5BB00BD617C /* twitterclientTests-Info.plist */ = {isa = PBXFileReference; lastKnownFileType = text.plist.xml; path = "twitterclientTests-Info.plist"; sourceTree = "<group>"; };
		C9A61D0F18E5E5BB00BD617C /* en */ = {isa = PBXFileReference; lastKnownFileType = text.plist.strings; name = en; path = en.lproj/InfoPlist.strings; sourceTree = "<group>"; };
		C9A61D1118E5E5BB00BD617C /* twitterclientTests.m */ = {isa = PBXFileReference; lastKnownFileType = sourcecode.c.objc; path = twitterclientTests.m; sourceTree = "<group>"; };
/* End PBXFileReference section */

/* Begin PBXFrameworksBuildPhase section */
		C9A61CE618E5E5BB00BD617C /* Frameworks */ = {
			isa = PBXFrameworksBuildPhase;
			buildActionMask = 2147483647;
			files = (
				C9A61CEF18E5E5BB00BD617C /* CoreGraphics.framework in Frameworks */,
				C9A61CF118E5E5BB00BD617C /* UIKit.framework in Frameworks */,
				C9A61CED18E5E5BB00BD617C /* Foundation.framework in Frameworks */,
			);
			runOnlyForDeploymentPostprocessing = 0;
		};
		C9A61D0118E5E5BB00BD617C /* Frameworks */ = {
			isa = PBXFrameworksBuildPhase;
			buildActionMask = 2147483647;
			files = (
				C9A61D0618E5E5BB00BD617C /* XCTest.framework in Frameworks */,
				C9A61D0818E5E5BB00BD617C /* UIKit.framework in Frameworks */,
				C9A61D0718E5E5BB00BD617C /* Foundation.framework in Frameworks */,
			);
			runOnlyForDeploymentPostprocessing = 0;
		};
/* End PBXFrameworksBuildPhase section */

/* Begin PBXGroup section */
		C9A61CE018E5E5BB00BD617C = {
			isa = PBXGroup;
			children = (
				C9A61CF218E5E5BB00BD617C /* twitterclient */,
				C9A61D0B18E5E5BB00BD617C /* twitterclientTests */,
				C9A61CEB18E5E5BB00BD617C /* Frameworks */,
				C9A61CEA18E5E5BB00BD617C /* Products */,
			);
			sourceTree = "<group>";
		};
		C9A61CEA18E5E5BB00BD617C /* Products */ = {
			isa = PBXGroup;
			children = (
				C9A61CE918E5E5BB00BD617C /* twitterclient.app */,
				C9A61D0418E5E5BB00BD617C /* twitterclientTests.xctest */,
			);
			name = Products;
			sourceTree = "<group>";
		};
		C9A61CEB18E5E5BB00BD617C /* Frameworks */ = {
			isa = PBXGroup;
			children = (
				C9A61CEC18E5E5BB00BD617C /* Foundation.framework */,
				C9A61CEE18E5E5BB00BD617C /* CoreGraphics.framework */,
				C9A61CF018E5E5BB00BD617C /* UIKit.framework */,
				C9A61D0518E5E5BB00BD617C /* XCTest.framework */,
			);
			name = Frameworks;
			sourceTree = "<group>";
		};
		C9A61CF218E5E5BB00BD617C /* twitterclient */ = {
			isa = PBXGroup;
			children = (
				C9A61CFB18E5E5BB00BD617C /* AZAppDelegate.h */,
				C9A61CFC18E5E5BB00BD617C /* AZAppDelegate.m */,
				C9A61CFE18E5E5BB00BD617C /* Images.xcassets */,
				C9A61CF318E5E5BB00BD617C /* Supporting Files */,
			);
			path = twitterclient;
			sourceTree = "<group>";
		};
		C9A61CF318E5E5BB00BD617C /* Supporting Files */ = {
			isa = PBXGroup;
			children = (
				C9A61CF418E5E5BB00BD617C /* twitterclient-Info.plist */,
				C9A61CF518E5E5BB00BD617C /* InfoPlist.strings */,
				C9A61CF818E5E5BB00BD617C /* main.m */,
				C9A61CFA18E5E5BB00BD617C /* twitterclient-Prefix.pch */,
			);
			name = "Supporting Files";
			sourceTree = "<group>";
		};
		C9A61D0B18E5E5BB00BD617C /* twitterclientTests */ = {
			isa = PBXGroup;
			children = (
				C9A61D1118E5E5BB00BD617C /* twitterclientTests.m */,
				C9A61D0C18E5E5BB00BD617C /* Supporting Files */,
			);
			path = twitterclientTests;
			sourceTree = "<group>";
		};
		C9A61D0C18E5E5BB00BD617C /* Supporting Files */ = {
			isa = PBXGroup;
			children = (
				C9A61D0D18E5E5BB00BD617C /* twitterclientTests-Info.plist */,
				C9A61D0E18E5E5BB00BD617C /* InfoPlist.strings */,
			);
			name = "Supporting Files";
			sourceTree = "<group>";
		};
/* End PBXGroup section */

/* Begin PBXNativeTarget section */
		C9A61CE818E5E5BB00BD617C /* twitterclient */ = {
			isa = PBXNativeTarget;
			buildConfigurationList = C9A61D1518E5E5BB00BD617C /* Build configuration list for PBXNativeTarget "twitterclient" */;
			buildPhases = (
				C9A61CE518E5E5BB00BD617C /* Sources */,
				C9A61CE618E5E5BB00BD617C /* Frameworks */,
				C9A61CE718E5E5BB00BD617C /* Resources */,
			);
			buildRules = (
			);
			dependencies = (
			);
			name = twitterclient;
			productName = twitterclient;
			productReference = C9A61CE918E5E5BB00BD617C /* twitterclient.app */;
			productType = "com.apple.product-type.application";
		};
		C9A61D0318E5E5BB00BD617C /* twitterclientTests */ = {
			isa = PBXNativeTarget;
			buildConfigurationList = C9A61D1818E5E5BB00BD617C /* Build configuration list for PBXNativeTarget "twitterclientTests" */;
			buildPhases = (
				C9A61D0018E5E5BB00BD617C /* Sources */,
				C9A61D0118E5E5BB00BD617C /* Frameworks */,
				C9A61D0218E5E5BB00BD617C /* Resources */,
			);
			buildRules = (
			);
			dependencies = (
				C9A61D0A18E5E5BB00BD617C /* PBXTargetDependency */,
			);
			name = twitterclientTests;
			productName = twitterclientTests;
			productReference = C9A61D0418E5E5BB00BD617C /* twitterclientTests.xctest */;
			productType = "com.apple.product-type.bundle.unit-test";
		};
/* End PBXNativeTarget section */

/* Begin PBXProject section */
		C9A61CE118E5E5BB00BD617C /* Project object */ = {
			isa = PBXProject;
			attributes = {
				CLASSPREFIX = AZ;
				LastUpgradeCheck = 0510;
				ORGANIZATIONNAME = "Jonathan Azoff";
				TargetAttributes = {
					C9A61D0318E5E5BB00BD617C = {
						TestTargetID = C9A61CE818E5E5BB00BD617C;
					};
				};
			};
			buildConfigurationList = C9A61CE418E5E5BB00BD617C /* Build configuration list for PBXProject "twitterclient" */;
			compatibilityVersion = "Xcode 3.2";
			developmentRegion = English;
			hasScannedForEncodings = 0;
			knownRegions = (
				en,
			);
			mainGroup = C9A61CE018E5E5BB00BD617C;
			productRefGroup = C9A61CEA18E5E5BB00BD617C /* Products */;
			projectDirPath = "";
			projectRoot = "";
			targets = (
				C9A61CE818E5E5BB00BD617C /* twitterclient */,
				C9A61D0318E5E5BB00BD617C /* twitterclientTests */,
			);
		};
/* End PBXProject section */

/* Begin PBXResourcesBuildPhase section */
		C9A61CE718E5E5BB00BD617C /* Resources */ = {
			isa = PBXResourcesBuildPhase;
			buildActionMask = 2147483647;
			files = (
				C9A61CF718E5E5BB00BD617C /* InfoPlist.strings in Resources */,
				C9A61CFF18E5E5BB00BD617C /* Images.xcassets in Resources */,
			);
			runOnlyForDeploymentPostprocessing = 0;
		};
		C9A61D0218E5E5BB00BD617C /* Resources */ = {
			isa = PBXResourcesBuildPhase;
			buildActionMask = 2147483647;
			files = (
				C9A61D1018E5E5BB00BD617C /* InfoPlist.strings in Resources */,
			);
			runOnlyForDeploymentPostprocessing = 0;
		};
/* End PBXResourcesBuildPhase section */

/* Begin PBXSourcesBuildPhase section */
		C9A61CE518E5E5BB00BD617C /* Sources */ = {
			isa = PBXSourcesBuildPhase;
			buildActionMask = 2147483647;
			files = (
				C9A61CF918E5E5BB00BD617C /* main.m in Sources */,
				C9A61CFD18E5E5BB00BD617C /* AZAppDelegate.m in Sources */,
			);
			runOnlyForDeploymentPostprocessing = 0;
		};
		C9A61D0018E5E5BB00BD617C /* Sources */ = {
			isa = PBXSourcesBuildPhase;
			buildActionMask = 2147483647;
			files = (
				C9A61D1218E5E5BB00BD617C /* twitterclientTests.m in Sources */,
			);
			runOnlyForDeploymentPostprocessing = 0;
		};
/* End PBXSourcesBuildPhase section */

/* Begin PBXTargetDependency section */
		C9A61D0A18E5E5BB00BD617C /* PBXTargetDependency */ = {
			isa = PBXTargetDependency;
			target = C9A61CE818E5E5BB00BD617C /* twitterclient */;
			targetProxy = C9A61D0918E5E5BB00BD617C /* PBXContainerItemProxy */;
		};
/* End PBXTargetDependency section */

/* Begin PBXVariantGroup section */
		C9A61CF518E5E5BB00BD617C /* InfoPlist.strings */ = {
			isa = PBXVariantGroup;
			children = (
				C9A61CF618E5E5BB00BD617C /* en */,
			);
			name = InfoPlist.strings;
			sourceTree = "<group>";
		};
		C9A61D0E18E5E5BB00BD617C /* InfoPlist.strings */ = {
			isa = PBXVariantGroup;
			children = (
				C9A61D0F18E5E5BB00BD617C /* en */,
			);
			name = InfoPlist.strings;
			sourceTree = "<group>";
		};
/* End PBXVariantGroup section */

/* Begin XCBuildConfiguration section */
		C9A61D1318E5E5BB00BD617C /* Debug */ = {
			isa = XCBuildConfiguration;
			buildSettings = {
				ALWAYS_SEARCH_USER_PATHS = NO;
				CLANG_CXX_LANGUAGE_STANDARD = "gnu++0x";
				CLANG_CXX_LIBRARY = "libc++";
				CLANG_ENABLE_MODULES = YES;
				CLANG_ENABLE_OBJC_ARC = YES;
				CLANG_WARN_BOOL_CONVERSION = YES;
				CLANG_WARN_CONSTANT_CONVERSION = YES;
				CLANG_WARN_DIRECT_OBJC_ISA_USAGE = YES_ERROR;
				CLANG_WARN_EMPTY_BODY = YES;
				CLANG_WARN_ENUM_CONVERSION = YES;
				CLANG_WARN_INT_CONVERSION = YES;
				CLANG_WARN_OBJC_ROOT_CLASS = YES_ERROR;
				CLANG_WARN__DUPLICATE_METHOD_MATCH = YES;
				"CODE_SIGN_IDENTITY[sdk=iphoneos*]" = "iPhone Developer";
				COPY_PHASE_STRIP = NO;
				GCC_C_LANGUAGE_STANDARD = gnu99;
				GCC_DYNAMIC_NO_PIC = NO;
				GCC_OPTIMIZATION_LEVEL = 0;
				GCC_PREPROCESSOR_DEFINITIONS = (
					"DEBUG=1",
					"$(inherited)",
				);
				GCC_SYMBOLS_PRIVATE_EXTERN = NO;
				GCC_WARN_64_TO_32_BIT_CONVERSION = YES;
				GCC_WARN_ABOUT_RETURN_TYPE = YES_ERROR;
				GCC_WARN_UNDECLARED_SELECTOR = YES;
				GCC_WARN_UNINITIALIZED_AUTOS = YES_AGGRESSIVE;
				GCC_WARN_UNUSED_FUNCTION = YES;
				GCC_WARN_UNUSED_VARIABLE = YES;
				IPHONEOS_DEPLOYMENT_TARGET = 7.1;
				ONLY_ACTIVE_ARCH = YES;
				SDKROOT = iphoneos;
			};
			name = Debug;
		};
		C9A61D1418E5E5BB00BD617C /* Release */ = {
			isa = XCBuildConfiguration;
			buildSettings = {
				ALWAYS_SEARCH_USER_PATHS = NO;
				CLANG_CXX_LANGUAGE_STANDARD = "gnu++0x";
				CLANG_CXX_LIBRARY = "libc++";
				CLANG_ENABLE_MODULES = YES;
				CLANG_ENABLE_OBJC_ARC = YES;
				CLANG_WARN_BOOL_CONVERSION = YES;
				CLANG_WARN_CONSTANT_CONVERSION = YES;
				CLANG_WARN_DIRECT_OBJC_ISA_USAGE = YES_ERROR;
				CLANG_WARN_EMPTY_BODY = YES;
				CLANG_WARN_ENUM_CONVERSION = YES;
				CLANG_WARN_INT_CONVERSION = YES;
				CLANG_WARN_OBJC_ROOT_CLASS = YES_ERROR;
				CLANG_WARN__DUPLICATE_METHOD_MATCH = YES;
				"CODE_SIGN_IDENTITY[sdk=iphoneos*]" = "iPhone Developer";
				COPY_PHASE_STRIP = YES;
				ENABLE_NS_ASSERTIONS = NO;
				GCC_C_LANGUAGE_STANDARD = gnu99;
				GCC_WARN_64_TO_32_BIT_CONVERSION = YES;
				GCC_WARN_ABOUT_RETURN_TYPE = YES_ERROR;
				GCC_WARN_UNDECLARED_SELECTOR = YES;
				GCC_WARN_UNINITIALIZED_AUTOS = YES_AGGRESSIVE;
				GCC_WARN_UNUSED_FUNCTION = YES;
				GCC_WARN_UNUSED_VARIABLE = YES;
				IPHONEOS_DEPLOYMENT_TARGET = 7.1;
				SDKROOT = iphoneos;
				VALIDATE_PRODUCT = YES;
			};
			name = Release;
		};
		C9A61D1618E5E5BB00BD617C /* Debug */ = {
			isa = XCBuildConfiguration;
			buildSettings = {
				ASSETCATALOG_COMPILER_APPICON_NAME = AppIcon;
				ASSETCATALOG_COMPILER_LAUNCHIMAGE_NAME = LaunchImage;
				GCC_PRECOMPILE_PREFIX_HEADER = YES;
				GCC_PREFIX_HEADER = "twitterclient/twitterclient-Prefix.pch";
				INFOPLIST_FILE = "twitterclient/twitterclient-Info.plist";
				PRODUCT_NAME = "$(TARGET_NAME)";
				WRAPPER_EXTENSION = app;
			};
			name = Debug;
		};
		C9A61D1718E5E5BB00BD617C /* Release */ = {
			isa = XCBuildConfiguration;
			buildSettings = {
				ASSETCATALOG_COMPILER_APPICON_NAME = AppIcon;
				ASSETCATALOG_COMPILER_LAUNCHIMAGE_NAME = LaunchImage;
				GCC_PRECOMPILE_PREFIX_HEADER = YES;
				GCC_PREFIX_HEADER = "twitterclient/twitterclient-Prefix.pch";
				INFOPLIST_FILE = "twitterclient/twitterclient-Info.plist";
				PRODUCT_NAME = "$(TARGET_NAME)";
				WRAPPER_EXTENSION = app;
			};
			name = Release;
		};
		C9A61D1918E5E5BB00BD617C /* Debug */ = {
			isa = XCBuildConfiguration;
			buildSettings = {
				BUNDLE_LOADER = "$(BUILT_PRODUCTS_DIR)/twitterclient.app/twitterclient";
				FRAMEWORK_SEARCH_PATHS = (
					"$(SDKROOT)/Developer/Library/Frameworks",
					"$(inherited)",
					"$(DEVELOPER_FRAMEWORKS_DIR)",
				);
				GCC_PRECOMPILE_PREFIX_HEADER = YES;
				GCC_PREFIX_HEADER = "twitterclient/twitterclient-Prefix.pch";
				GCC_PREPROCESSOR_DEFINITIONS = (
					"DEBUG=1",
					"$(inherited)",
				);
				INFOPLIST_FILE = "twitterclientTests/twitterclientTests-Info.plist";
				PRODUCT_NAME = "$(TARGET_NAME)";
				TEST_HOST = "$(BUNDLE_LOADER)";
				WRAPPER_EXTENSION = xctest;
			};
			name = Debug;
		};
		C9A61D1A18E5E5BB00BD617C /* Release */ = {
			isa = XCBuildConfiguration;
			buildSettings = {
				BUNDLE_LOADER = "$(BUILT_PRODUCTS_DIR)/twitterclient.app/twitterclient";
				FRAMEWORK_SEARCH_PATHS = (
					"$(SDKROOT)/Developer/Library/Frameworks",
					"$(inherited)",
					"$(DEVELOPER_FRAMEWORKS_DIR)",
				);
				GCC_PRECOMPILE_PREFIX_HEADER = YES;
				GCC_PREFIX_HEADER = "twitterclient/twitterclient-Prefix.pch";
				INFOPLIST_FILE = "twitterclientTests/twitterclientTests-Info.plist";
				PRODUCT_NAME = "$(TARGET_NAME)";
				TEST_HOST = "$(BUNDLE_LOADER)";
				WRAPPER_EXTENSION = xctest;
			};
			name = Release;
		};
/* End XCBuildConfiguration section */

/* Begin XCConfigurationList section */
		C9A61CE418E5E5BB00BD617C /* Build configuration list for PBXProject "twitterclient" */ = {
			isa = XCConfigurationList;
			buildConfigurations = (
				C9A61D1318E5E5BB00BD617C /* Debug */,
				C9A61D1418E5E5BB00BD617C /* Release */,
			);
			defaultConfigurationIsVisible = 0;
			defaultConfigurationName = Release;
		};
		C9A61D1518E5E5BB00BD617C /* Build configuration list for PBXNativeTarget "twitterclient" */ = {
			isa = XCConfigurationList;
			buildConfigurations = (
				C9A61D1618E5E5BB00BD617C /* Debug */,
				C9A61D1718E5E5BB00BD617C /* Release */,
			);
			defaultConfigurationIsVisible = 0;
		};
		C9A61D1818E5E5BB00BD617C /* Build configuration list for PBXNativeTarget "twitterclientTests" */ = {
			isa = XCConfigurationList;
			buildConfigurations = (
				C9A61D1918E5E5BB00BD617C /* Debug */,
				C9A61D1A18E5E5BB00BD617C /* Release */,
			);
			defaultConfigurationIsVisible = 0;
		};
/* End XCConfigurationList section */
	};
	rootObject = C9A61CE118E5E5BB00BD617C /* Project object */;
}
