// !$*UTF8*$!
{
	archiveVersion = 1;
	classes = {
	};
	objectVersion = 46;
	objects = {

/* Begin PBXBuildFile section */
		472A8265DA944C2DAB541FCC /* libPods.a in Frameworks */ = {isa = PBXBuildFile; fileRef = 0E40A282FD5E4DA78A830C53 /* libPods.a */; };
		C923B65F18E690DA00B395A6 /* AZTweet.m in Sources */ = {isa = PBXBuildFile; fileRef = C923B65E18E690DA00B395A6 /* AZTweet.m */; };
		C92FE4AC18E6929E00346805 /* AZUser.m in Sources */ = {isa = PBXBuildFile; fileRef = C92FE4AB18E6929E00346805 /* AZUser.m */; };
		C92FE4BA18E6B15900346805 /* AZTweetTableView.m in Sources */ = {isa = PBXBuildFile; fileRef = C92FE4B918E6B15900346805 /* AZTweetTableView.m */; };
		C92FE4BE18E6B1EF00346805 /* AZTweetTableViewCell.m in Sources */ = {isa = PBXBuildFile; fileRef = C92FE4BC18E6B1EF00346805 /* AZTweetTableViewCell.m */; };
		C92FE4BF18E6B1EF00346805 /* AZTweetTableViewCell.xib in Resources */ = {isa = PBXBuildFile; fileRef = C92FE4BD18E6B1EF00346805 /* AZTweetTableViewCell.xib */; };
		C92FE4C918E7947600346805 /* AZTweetDetailsController.m in Sources */ = {isa = PBXBuildFile; fileRef = C92FE4C718E7947600346805 /* AZTweetDetailsController.m */; };
		C92FE4CA18E7947600346805 /* AZTweetDetailsController.xib in Resources */ = {isa = PBXBuildFile; fileRef = C92FE4C818E7947600346805 /* AZTweetDetailsController.xib */; };
		C92FE4CE18E798B300346805 /* AZComposeTweetController.m in Sources */ = {isa = PBXBuildFile; fileRef = C92FE4CC18E798B300346805 /* AZComposeTweetController.m */; };
		C92FE4CF18E798B300346805 /* AZComposeTweetController.xib in Resources */ = {isa = PBXBuildFile; fileRef = C92FE4CD18E798B300346805 /* AZComposeTweetController.xib */; };
		C92FE4D618E79F4300346805 /* AZUserBanner.m in Sources */ = {isa = PBXBuildFile; fileRef = C92FE4D418E79F4300346805 /* AZUserBanner.m */; };
		C92FE4D718E79F4300346805 /* AZUserBanner.xib in Resources */ = {isa = PBXBuildFile; fileRef = C92FE4D518E79F4300346805 /* AZUserBanner.xib */; };
		C92FE4DA18E7B02D00346805 /* AZCurrentUser.m in Sources */ = {isa = PBXBuildFile; fileRef = C92FE4D918E7B02D00346805 /* AZCurrentUser.m */; };
		C92FE4DD18E7CCD800346805 /* AZDispatchUtil.m in Sources */ = {isa = PBXBuildFile; fileRef = C92FE4DC18E7CCD800346805 /* AZDispatchUtil.m */; };
		C92FE4E318E7EE6900346805 /* AZNibView.m in Sources */ = {isa = PBXBuildFile; fileRef = C92FE4E218E7EE6900346805 /* AZNibView.m */; };
		C92FE4EE18E7F70100346805 /* AZTweetBanner.m in Sources */ = {isa = PBXBuildFile; fileRef = C92FE4EC18E7F70100346805 /* AZTweetBanner.m */; };
		C92FE4EF18E7F70100346805 /* AZTweetBanner.xib in Resources */ = {isa = PBXBuildFile; fileRef = C92FE4ED18E7F70100346805 /* AZTweetBanner.xib */; };
		C9A61CED18E5E5BB00BD617C /* Foundation.framework in Frameworks */ = {isa = PBXBuildFile; fileRef = C9A61CEC18E5E5BB00BD617C /* Foundation.framework */; };
		C9A61CEF18E5E5BB00BD617C /* CoreGraphics.framework in Frameworks */ = {isa = PBXBuildFile; fileRef = C9A61CEE18E5E5BB00BD617C /* CoreGraphics.framework */; };
		C9A61CF118E5E5BB00BD617C /* UIKit.framework in Frameworks */ = {isa = PBXBuildFile; fileRef = C9A61CF018E5E5BB00BD617C /* UIKit.framework */; };
		C9A61CF718E5E5BB00BD617C /* InfoPlist.strings in Resources */ = {isa = PBXBuildFile; fileRef = C9A61CF518E5E5BB00BD617C /* InfoPlist.strings */; };
		C9A61CF918E5E5BB00BD617C /* main.m in Sources */ = {isa = PBXBuildFile; fileRef = C9A61CF818E5E5BB00BD617C /* main.m */; };
		C9A61CFD18E5E5BB00BD617C /* AZAppDelegate.m in Sources */ = {isa = PBXBuildFile; fileRef = C9A61CFC18E5E5BB00BD617C /* AZAppDelegate.m */; };
		C9A61CFF18E5E5BB00BD617C /* Images.xcassets in Resources */ = {isa = PBXBuildFile; fileRef = C9A61CFE18E5E5BB00BD617C /* Images.xcassets */; };
		C9A61D0618E5E5BB00BD617C /* XCTest.framework in Frameworks */ = {isa = PBXBuildFile; fileRef = C9A61D0518E5E5BB00BD617C /* XCTest.framework */; };
		C9A61D0718E5E5BB00BD617C /* Foundation.framework in Frameworks */ = {isa = PBXBuildFile; fileRef = C9A61CEC18E5E5BB00BD617C /* Foundation.framework */; };
		C9A61D0818E5E5BB00BD617C /* UIKit.framework in Frameworks */ = {isa = PBXBuildFile; fileRef = C9A61CF018E5E5BB00BD617C /* UIKit.framework */; };
		C9A61D1D18E5EC0200BD617C /* AZTwitterClient.m in Sources */ = {isa = PBXBuildFile; fileRef = C9A61D1C18E5EC0200BD617C /* AZTwitterClient.m */; };
		C9A61D2118E5FF6C00BD617C /* AZNotificationUtil.m in Sources */ = {isa = PBXBuildFile; fileRef = C9A61D2018E5FF6C00BD617C /* AZNotificationUtil.m */; };
		C9A61D3018E6069B00BD617C /* AZNavigationController.m in Sources */ = {isa = PBXBuildFile; fileRef = C9A61D2F18E6069B00BD617C /* AZNavigationController.m */; };
		C9A61D3418E6097800BD617C /* AZLoginController.m in Sources */ = {isa = PBXBuildFile; fileRef = C9A61D3218E6097800BD617C /* AZLoginController.m */; };
		C9A61D3518E6097800BD617C /* AZLoginController.xib in Resources */ = {isa = PBXBuildFile; fileRef = C9A61D3318E6097800BD617C /* AZLoginController.xib */; };
		C9A61D3918E60B2E00BD617C /* AZHomeTimelineController.m in Sources */ = {isa = PBXBuildFile; fileRef = C9A61D3718E60B2E00BD617C /* AZHomeTimelineController.m */; };
		C9A61D3A18E60B2E00BD617C /* AZHomeTimelineController.xib in Resources */ = {isa = PBXBuildFile; fileRef = C9A61D3818E60B2E00BD617C /* AZHomeTimelineController.xib */; };
		C9A61D3D18E62E8A00BD617C /* AZInfoUtil.m in Sources */ = {isa = PBXBuildFile; fileRef = C9A61D3C18E62E8A00BD617C /* AZInfoUtil.m */; };
		C9A61D4018E6391500BD617C /* AZErrorUtil.m in Sources */ = {isa = PBXBuildFile; fileRef = C9A61D3F18E6391500BD617C /* AZErrorUtil.m */; };
		C9B01AEC18EF29AA0086E066 /* AZRootController.m in Sources */ = {isa = PBXBuildFile; fileRef = C9B01AEA18EF29AA0086E066 /* AZRootController.m */; };
		C9B01AED18EF29AA0086E066 /* AZRootController.xib in Resources */ = {isa = PBXBuildFile; fileRef = C9B01AEB18EF29AA0086E066 /* AZRootController.xib */; };
		C9B01AF618EF9B400086E066 /* AZMenuController.m in Sources */ = {isa = PBXBuildFile; fileRef = C9B01AF418EF9B400086E066 /* AZMenuController.m */; };
		C9B01AF718EF9B400086E066 /* AZMenuController.xib in Resources */ = {isa = PBXBuildFile; fileRef = C9B01AF518EF9B400086E066 /* AZMenuController.xib */; };
		C9B01AFB18EFAE4D0086E066 /* AZProfileController.m in Sources */ = {isa = PBXBuildFile; fileRef = C9B01AF918EFAE4D0086E066 /* AZProfileController.m */; };
		C9B01AFC18EFAE4D0086E066 /* AZProfileController.xib in Resources */ = {isa = PBXBuildFile; fileRef = C9B01AFA18EFAE4D0086E066 /* AZProfileController.xib */; };
		C9B01B0418EFB39C0086E066 /* AZUserPageController.m in Sources */ = {isa = PBXBuildFile; fileRef = C9B01B0318EFB39C0086E066 /* AZUserPageController.m */; };
		C9B01B0818F0870D0086E066 /* AZUserImageSubPageController.m in Sources */ = {isa = PBXBuildFile; fileRef = C9B01B0618F0870D0086E066 /* AZUserImageSubPageController.m */; };
		C9B01B0918F0870D0086E066 /* AZUserImageSubPageController.xib in Resources */ = {isa = PBXBuildFile; fileRef = C9B01B0718F0870D0086E066 /* AZUserImageSubPageController.xib */; };
		C9B01B0D18F0AC160086E066 /* AZUserDescSubPageController.m in Sources */ = {isa = PBXBuildFile; fileRef = C9B01B0B18F0AC160086E066 /* AZUserDescSubPageController.m */; };
		C9B01B0E18F0AC160086E066 /* AZUserDescSubPageController.xib in Resources */ = {isa = PBXBuildFile; fileRef = C9B01B0C18F0AC160086E066 /* AZUserDescSubPageController.xib */; };
		C9B01B1218F1F5980086E066 /* AZUserTweetsController.m in Sources */ = {isa = PBXBuildFile; fileRef = C9B01B1018F1F5980086E066 /* AZUserTweetsController.m */; };
		C9B01B1318F1F5980086E066 /* AZUserTweetsController.xib in Resources */ = {isa = PBXBuildFile; fileRef = C9B01B1118F1F5980086E066 /* AZUserTweetsController.xib */; };
/* End PBXBuildFile section */

/* Begin PBXContainerItemProxy section */
		C9A61D0918E5E5BB00BD617C /* PBXContainerItemProxy */ = {
			isa = PBXContainerItemProxy;
			containerPortal = C9A61CE118E5E5BB00BD617C /* Project object */;
			proxyType = 1;
			remoteGlobalIDString = C9A61CE818E5E5BB00BD617C;
			remoteInfo = twitterclient;
		};
/* End PBXContainerItemProxy section */

/* Begin PBXFileReference section */
		0E40A282FD5E4DA78A830C53 /* libPods.a */ = {isa = PBXFileReference; explicitFileType = archive.ar; includeInIndex = 0; path = libPods.a; sourceTree = BUILT_PRODUCTS_DIR; };
		C923B65D18E690DA00B395A6 /* AZTweet.h */ = {isa = PBXFileReference; fileEncoding = 4; lastKnownFileType = sourcecode.c.h; name = AZTweet.h; path = models/AZTweet.h; sourceTree = "<group>"; };
		C923B65E18E690DA00B395A6 /* AZTweet.m */ = {isa = PBXFileReference; fileEncoding = 4; lastKnownFileType = sourcecode.c.objc; name = AZTweet.m; path = models/AZTweet.m; sourceTree = "<group>"; };
		C92FE4AA18E6929E00346805 /* AZUser.h */ = {isa = PBXFileReference; fileEncoding = 4; lastKnownFileType = sourcecode.c.h; name = AZUser.h; path = models/AZUser.h; sourceTree = "<group>"; };
		C92FE4AB18E6929E00346805 /* AZUser.m */ = {isa = PBXFileReference; fileEncoding = 4; lastKnownFileType = sourcecode.c.objc; name = AZUser.m; path = models/AZUser.m; sourceTree = "<group>"; };
		C92FE4B818E6B15900346805 /* AZTweetTableView.h */ = {isa = PBXFileReference; fileEncoding = 4; lastKnownFileType = sourcecode.c.h; name = AZTweetTableView.h; path = views/AZTweetTableView.h; sourceTree = "<group>"; };
		C92FE4B918E6B15900346805 /* AZTweetTableView.m */ = {isa = PBXFileReference; fileEncoding = 4; lastKnownFileType = sourcecode.c.objc; name = AZTweetTableView.m; path = views/AZTweetTableView.m; sourceTree = "<group>"; };
		C92FE4BB18E6B1EF00346805 /* AZTweetTableViewCell.h */ = {isa = PBXFileReference; fileEncoding = 4; lastKnownFileType = sourcecode.c.h; name = AZTweetTableViewCell.h; path = views/AZTweetTableViewCell.h; sourceTree = "<group>"; };
		C92FE4BC18E6B1EF00346805 /* AZTweetTableViewCell.m */ = {isa = PBXFileReference; fileEncoding = 4; lastKnownFileType = sourcecode.c.objc; name = AZTweetTableViewCell.m; path = views/AZTweetTableViewCell.m; sourceTree = "<group>"; };
		C92FE4BD18E6B1EF00346805 /* AZTweetTableViewCell.xib */ = {isa = PBXFileReference; fileEncoding = 4; lastKnownFileType = file.xib; name = AZTweetTableViewCell.xib; path = views/AZTweetTableViewCell.xib; sourceTree = "<group>"; };
		C92FE4C618E7947600346805 /* AZTweetDetailsController.h */ = {isa = PBXFileReference; fileEncoding = 4; lastKnownFileType = sourcecode.c.h; name = AZTweetDetailsController.h; path = controllers/AZTweetDetailsController.h; sourceTree = "<group>"; };
		C92FE4C718E7947600346805 /* AZTweetDetailsController.m */ = {isa = PBXFileReference; fileEncoding = 4; lastKnownFileType = sourcecode.c.objc; name = AZTweetDetailsController.m; path = controllers/AZTweetDetailsController.m; sourceTree = "<group>"; };
		C92FE4C818E7947600346805 /* AZTweetDetailsController.xib */ = {isa = PBXFileReference; fileEncoding = 4; lastKnownFileType = file.xib; name = AZTweetDetailsController.xib; path = controllers/AZTweetDetailsController.xib; sourceTree = "<group>"; };
		C92FE4CB18E798B300346805 /* AZComposeTweetController.h */ = {isa = PBXFileReference; fileEncoding = 4; lastKnownFileType = sourcecode.c.h; name = AZComposeTweetController.h; path = controllers/AZComposeTweetController.h; sourceTree = "<group>"; };
		C92FE4CC18E798B300346805 /* AZComposeTweetController.m */ = {isa = PBXFileReference; fileEncoding = 4; lastKnownFileType = sourcecode.c.objc; name = AZComposeTweetController.m; path = controllers/AZComposeTweetController.m; sourceTree = "<group>"; };
		C92FE4CD18E798B300346805 /* AZComposeTweetController.xib */ = {isa = PBXFileReference; fileEncoding = 4; lastKnownFileType = file.xib; name = AZComposeTweetController.xib; path = controllers/AZComposeTweetController.xib; sourceTree = "<group>"; };
		C92FE4D318E79F4300346805 /* AZUserBanner.h */ = {isa = PBXFileReference; fileEncoding = 4; lastKnownFileType = sourcecode.c.h; name = AZUserBanner.h; path = views/AZUserBanner.h; sourceTree = "<group>"; };
		C92FE4D418E79F4300346805 /* AZUserBanner.m */ = {isa = PBXFileReference; fileEncoding = 4; lastKnownFileType = sourcecode.c.objc; name = AZUserBanner.m; path = views/AZUserBanner.m; sourceTree = "<group>"; };
		C92FE4D518E79F4300346805 /* AZUserBanner.xib */ = {isa = PBXFileReference; fileEncoding = 4; lastKnownFileType = file.xib; name = AZUserBanner.xib; path = views/AZUserBanner.xib; sourceTree = "<group>"; };
		C92FE4D818E7B02D00346805 /* AZCurrentUser.h */ = {isa = PBXFileReference; fileEncoding = 4; lastKnownFileType = sourcecode.c.h; name = AZCurrentUser.h; path = models/AZCurrentUser.h; sourceTree = "<group>"; };
		C92FE4D918E7B02D00346805 /* AZCurrentUser.m */ = {isa = PBXFileReference; fileEncoding = 4; lastKnownFileType = sourcecode.c.objc; name = AZCurrentUser.m; path = models/AZCurrentUser.m; sourceTree = "<group>"; };
		C92FE4DB18E7CCD800346805 /* AZDispatchUtil.h */ = {isa = PBXFileReference; fileEncoding = 4; lastKnownFileType = sourcecode.c.h; name = AZDispatchUtil.h; path = utils/AZDispatchUtil.h; sourceTree = "<group>"; };
		C92FE4DC18E7CCD800346805 /* AZDispatchUtil.m */ = {isa = PBXFileReference; fileEncoding = 4; lastKnownFileType = sourcecode.c.objc; name = AZDispatchUtil.m; path = utils/AZDispatchUtil.m; sourceTree = "<group>"; };
		C92FE4E118E7EE6900346805 /* AZNibView.h */ = {isa = PBXFileReference; fileEncoding = 4; lastKnownFileType = sourcecode.c.h; name = AZNibView.h; path = views/AZNibView.h; sourceTree = "<group>"; };
		C92FE4E218E7EE6900346805 /* AZNibView.m */ = {isa = PBXFileReference; fileEncoding = 4; lastKnownFileType = sourcecode.c.objc; name = AZNibView.m; path = views/AZNibView.m; sourceTree = "<group>"; };
		C92FE4EB18E7F70100346805 /* AZTweetBanner.h */ = {isa = PBXFileReference; fileEncoding = 4; lastKnownFileType = sourcecode.c.h; name = AZTweetBanner.h; path = views/AZTweetBanner.h; sourceTree = "<group>"; };
		C92FE4EC18E7F70100346805 /* AZTweetBanner.m */ = {isa = PBXFileReference; fileEncoding = 4; lastKnownFileType = sourcecode.c.objc; name = AZTweetBanner.m; path = views/AZTweetBanner.m; sourceTree = "<group>"; };
		C92FE4ED18E7F70100346805 /* AZTweetBanner.xib */ = {isa = PBXFileReference; fileEncoding = 4; lastKnownFileType = file.xib; name = AZTweetBanner.xib; path = views/AZTweetBanner.xib; sourceTree = "<group>"; };
		C9A61CE918E5E5BB00BD617C /* twitterclient.app */ = {isa = PBXFileReference; explicitFileType = wrapper.application; includeInIndex = 0; path = twitterclient.app; sourceTree = BUILT_PRODUCTS_DIR; };
		C9A61CEC18E5E5BB00BD617C /* Foundation.framework */ = {isa = PBXFileReference; lastKnownFileType = wrapper.framework; name = Foundation.framework; path = System/Library/Frameworks/Foundation.framework; sourceTree = SDKROOT; };
		C9A61CEE18E5E5BB00BD617C /* CoreGraphics.framework */ = {isa = PBXFileReference; lastKnownFileType = wrapper.framework; name = CoreGraphics.framework; path = System/Library/Frameworks/CoreGraphics.framework; sourceTree = SDKROOT; };
		C9A61CF018E5E5BB00BD617C /* UIKit.framework */ = {isa = PBXFileReference; lastKnownFileType = wrapper.framework; name = UIKit.framework; path = System/Library/Frameworks/UIKit.framework; sourceTree = SDKROOT; };
		C9A61CF418E5E5BB00BD617C /* twitterclient-Info.plist */ = {isa = PBXFileReference; lastKnownFileType = text.plist.xml; path = "twitterclient-Info.plist"; sourceTree = "<group>"; };
		C9A61CF618E5E5BB00BD617C /* en */ = {isa = PBXFileReference; lastKnownFileType = text.plist.strings; name = en; path = en.lproj/InfoPlist.strings; sourceTree = "<group>"; };
		C9A61CF818E5E5BB00BD617C /* main.m */ = {isa = PBXFileReference; lastKnownFileType = sourcecode.c.objc; path = main.m; sourceTree = "<group>"; };
		C9A61CFA18E5E5BB00BD617C /* twitterclient-Prefix.pch */ = {isa = PBXFileReference; lastKnownFileType = sourcecode.c.h; path = "twitterclient-Prefix.pch"; sourceTree = "<group>"; };
		C9A61CFB18E5E5BB00BD617C /* AZAppDelegate.h */ = {isa = PBXFileReference; lastKnownFileType = sourcecode.c.h; path = AZAppDelegate.h; sourceTree = "<group>"; };
		C9A61CFC18E5E5BB00BD617C /* AZAppDelegate.m */ = {isa = PBXFileReference; lastKnownFileType = sourcecode.c.objc; path = AZAppDelegate.m; sourceTree = "<group>"; };
		C9A61CFE18E5E5BB00BD617C /* Images.xcassets */ = {isa = PBXFileReference; lastKnownFileType = folder.assetcatalog; path = Images.xcassets; sourceTree = "<group>"; };
		C9A61D0418E5E5BB00BD617C /* twitterclientTests.xctest */ = {isa = PBXFileReference; explicitFileType = wrapper.cfbundle; includeInIndex = 0; path = twitterclientTests.xctest; sourceTree = BUILT_PRODUCTS_DIR; };
		C9A61D0518E5E5BB00BD617C /* XCTest.framework */ = {isa = PBXFileReference; lastKnownFileType = wrapper.framework; name = XCTest.framework; path = Library/Frameworks/XCTest.framework; sourceTree = DEVELOPER_DIR; };
		C9A61D1B18E5EC0200BD617C /* AZTwitterClient.h */ = {isa = PBXFileReference; fileEncoding = 4; lastKnownFileType = sourcecode.c.h; name = AZTwitterClient.h; path = net/AZTwitterClient.h; sourceTree = "<group>"; };
		C9A61D1C18E5EC0200BD617C /* AZTwitterClient.m */ = {isa = PBXFileReference; fileEncoding = 4; lastKnownFileType = sourcecode.c.objc; name = AZTwitterClient.m; path = net/AZTwitterClient.m; sourceTree = "<group>"; };
		C9A61D1F18E5FF6C00BD617C /* AZNotificationUtil.h */ = {isa = PBXFileReference; fileEncoding = 4; lastKnownFileType = sourcecode.c.h; name = AZNotificationUtil.h; path = utils/AZNotificationUtil.h; sourceTree = "<group>"; };
		C9A61D2018E5FF6C00BD617C /* AZNotificationUtil.m */ = {isa = PBXFileReference; fileEncoding = 4; lastKnownFileType = sourcecode.c.objc; name = AZNotificationUtil.m; path = utils/AZNotificationUtil.m; sourceTree = "<group>"; };
		C9A61D2E18E6069B00BD617C /* AZNavigationController.h */ = {isa = PBXFileReference; fileEncoding = 4; lastKnownFileType = sourcecode.c.h; name = AZNavigationController.h; path = controllers/AZNavigationController.h; sourceTree = "<group>"; };
		C9A61D2F18E6069B00BD617C /* AZNavigationController.m */ = {isa = PBXFileReference; fileEncoding = 4; lastKnownFileType = sourcecode.c.objc; name = AZNavigationController.m; path = controllers/AZNavigationController.m; sourceTree = "<group>"; };
		C9A61D3118E6097800BD617C /* AZLoginController.h */ = {isa = PBXFileReference; fileEncoding = 4; lastKnownFileType = sourcecode.c.h; name = AZLoginController.h; path = controllers/AZLoginController.h; sourceTree = "<group>"; };
		C9A61D3218E6097800BD617C /* AZLoginController.m */ = {isa = PBXFileReference; fileEncoding = 4; lastKnownFileType = sourcecode.c.objc; name = AZLoginController.m; path = controllers/AZLoginController.m; sourceTree = "<group>"; };
		C9A61D3318E6097800BD617C /* AZLoginController.xib */ = {isa = PBXFileReference; fileEncoding = 4; lastKnownFileType = file.xib; name = AZLoginController.xib; path = controllers/AZLoginController.xib; sourceTree = "<group>"; };
		C9A61D3618E60B2E00BD617C /* AZHomeTimelineController.h */ = {isa = PBXFileReference; fileEncoding = 4; lastKnownFileType = sourcecode.c.h; name = AZHomeTimelineController.h; path = controllers/AZHomeTimelineController.h; sourceTree = "<group>"; };
		C9A61D3718E60B2E00BD617C /* AZHomeTimelineController.m */ = {isa = PBXFileReference; fileEncoding = 4; lastKnownFileType = sourcecode.c.objc; name = AZHomeTimelineController.m; path = controllers/AZHomeTimelineController.m; sourceTree = "<group>"; };
		C9A61D3818E60B2E00BD617C /* AZHomeTimelineController.xib */ = {isa = PBXFileReference; fileEncoding = 4; lastKnownFileType = file.xib; name = AZHomeTimelineController.xib; path = controllers/AZHomeTimelineController.xib; sourceTree = "<group>"; };
		C9A61D3B18E62E8A00BD617C /* AZInfoUtil.h */ = {isa = PBXFileReference; fileEncoding = 4; lastKnownFileType = sourcecode.c.h; name = AZInfoUtil.h; path = utils/AZInfoUtil.h; sourceTree = "<group>"; };
		C9A61D3C18E62E8A00BD617C /* AZInfoUtil.m */ = {isa = PBXFileReference; fileEncoding = 4; lastKnownFileType = sourcecode.c.objc; name = AZInfoUtil.m; path = utils/AZInfoUtil.m; sourceTree = "<group>"; };
		C9A61D3E18E6391500BD617C /* AZErrorUtil.h */ = {isa = PBXFileReference; fileEncoding = 4; lastKnownFileType = sourcecode.c.h; name = AZErrorUtil.h; path = utils/AZErrorUtil.h; sourceTree = "<group>"; };
		C9A61D3F18E6391500BD617C /* AZErrorUtil.m */ = {isa = PBXFileReference; fileEncoding = 4; lastKnownFileType = sourcecode.c.objc; name = AZErrorUtil.m; path = utils/AZErrorUtil.m; sourceTree = "<group>"; };
		C9B01AE918EF29AA0086E066 /* AZRootController.h */ = {isa = PBXFileReference; fileEncoding = 4; lastKnownFileType = sourcecode.c.h; name = AZRootController.h; path = controllers/AZRootController.h; sourceTree = "<group>"; };
		C9B01AEA18EF29AA0086E066 /* AZRootController.m */ = {isa = PBXFileReference; fileEncoding = 4; lastKnownFileType = sourcecode.c.objc; name = AZRootController.m; path = controllers/AZRootController.m; sourceTree = "<group>"; };
		C9B01AEB18EF29AA0086E066 /* AZRootController.xib */ = {isa = PBXFileReference; fileEncoding = 4; lastKnownFileType = file.xib; name = AZRootController.xib; path = controllers/AZRootController.xib; sourceTree = "<group>"; };
		C9B01AF318EF9B400086E066 /* AZMenuController.h */ = {isa = PBXFileReference; fileEncoding = 4; lastKnownFileType = sourcecode.c.h; name = AZMenuController.h; path = controllers/AZMenuController.h; sourceTree = "<group>"; };
		C9B01AF418EF9B400086E066 /* AZMenuController.m */ = {isa = PBXFileReference; fileEncoding = 4; lastKnownFileType = sourcecode.c.objc; name = AZMenuController.m; path = controllers/AZMenuController.m; sourceTree = "<group>"; };
		C9B01AF518EF9B400086E066 /* AZMenuController.xib */ = {isa = PBXFileReference; fileEncoding = 4; lastKnownFileType = file.xib; name = AZMenuController.xib; path = controllers/AZMenuController.xib; sourceTree = "<group>"; };
		C9B01AF818EFAE4D0086E066 /* AZProfileController.h */ = {isa = PBXFileReference; fileEncoding = 4; lastKnownFileType = sourcecode.c.h; name = AZProfileController.h; path = controllers/AZProfileController.h; sourceTree = "<group>"; };
		C9B01AF918EFAE4D0086E066 /* AZProfileController.m */ = {isa = PBXFileReference; fileEncoding = 4; lastKnownFileType = sourcecode.c.objc; name = AZProfileController.m; path = controllers/AZProfileController.m; sourceTree = "<group>"; };
		C9B01AFA18EFAE4D0086E066 /* AZProfileController.xib */ = {isa = PBXFileReference; fileEncoding = 4; lastKnownFileType = file.xib; name = AZProfileController.xib; path = controllers/AZProfileController.xib; sourceTree = "<group>"; };
		C9B01B0218EFB39C0086E066 /* AZUserPageController.h */ = {isa = PBXFileReference; fileEncoding = 4; lastKnownFileType = sourcecode.c.h; name = AZUserPageController.h; path = controllers/AZUserPageController.h; sourceTree = "<group>"; };
		C9B01B0318EFB39C0086E066 /* AZUserPageController.m */ = {isa = PBXFileReference; fileEncoding = 4; lastKnownFileType = sourcecode.c.objc; name = AZUserPageController.m; path = controllers/AZUserPageController.m; sourceTree = "<group>"; };
		C9B01B0518F0870D0086E066 /* AZUserImageSubPageController.h */ = {isa = PBXFileReference; fileEncoding = 4; lastKnownFileType = sourcecode.c.h; name = AZUserImageSubPageController.h; path = controllers/AZUserImageSubPageController.h; sourceTree = "<group>"; };
		C9B01B0618F0870D0086E066 /* AZUserImageSubPageController.m */ = {isa = PBXFileReference; fileEncoding = 4; lastKnownFileType = sourcecode.c.objc; name = AZUserImageSubPageController.m; path = controllers/AZUserImageSubPageController.m; sourceTree = "<group>"; };
		C9B01B0718F0870D0086E066 /* AZUserImageSubPageController.xib */ = {isa = PBXFileReference; fileEncoding = 4; lastKnownFileType = file.xib; name = AZUserImageSubPageController.xib; path = controllers/AZUserImageSubPageController.xib; sourceTree = "<group>"; };
		C9B01B0A18F0AC160086E066 /* AZUserDescSubPageController.h */ = {isa = PBXFileReference; fileEncoding = 4; lastKnownFileType = sourcecode.c.h; name = AZUserDescSubPageController.h; path = controllers/AZUserDescSubPageController.h; sourceTree = "<group>"; };
		C9B01B0B18F0AC160086E066 /* AZUserDescSubPageController.m */ = {isa = PBXFileReference; fileEncoding = 4; lastKnownFileType = sourcecode.c.objc; name = AZUserDescSubPageController.m; path = controllers/AZUserDescSubPageController.m; sourceTree = "<group>"; };
		C9B01B0C18F0AC160086E066 /* AZUserDescSubPageController.xib */ = {isa = PBXFileReference; fileEncoding = 4; lastKnownFileType = file.xib; name = AZUserDescSubPageController.xib; path = controllers/AZUserDescSubPageController.xib; sourceTree = "<group>"; };
		C9B01B0F18F1F5980086E066 /* AZUserTweetsController.h */ = {isa = PBXFileReference; fileEncoding = 4; lastKnownFileType = sourcecode.c.h; name = AZUserTweetsController.h; path = controllers/AZUserTweetsController.h; sourceTree = "<group>"; };
		C9B01B1018F1F5980086E066 /* AZUserTweetsController.m */ = {isa = PBXFileReference; fileEncoding = 4; lastKnownFileType = sourcecode.c.objc; name = AZUserTweetsController.m; path = controllers/AZUserTweetsController.m; sourceTree = "<group>"; };
		C9B01B1118F1F5980086E066 /* AZUserTweetsController.xib */ = {isa = PBXFileReference; fileEncoding = 4; lastKnownFileType = file.xib; name = AZUserTweetsController.xib; path = controllers/AZUserTweetsController.xib; sourceTree = "<group>"; };
		FFDD4DF9D02F4A8E9A7885D1 /* Pods.xcconfig */ = {isa = PBXFileReference; includeInIndex = 1; lastKnownFileType = text.xcconfig; name = Pods.xcconfig; path = Pods/Pods.xcconfig; sourceTree = "<group>"; };
/* End PBXFileReference section */

/* Begin PBXFrameworksBuildPhase section */
		C9A61CE618E5E5BB00BD617C /* Frameworks */ = {
			isa = PBXFrameworksBuildPhase;
			buildActionMask = 2147483647;
			files = (
				C9A61CEF18E5E5BB00BD617C /* CoreGraphics.framework in Frameworks */,
				C9A61CF118E5E5BB00BD617C /* UIKit.framework in Frameworks */,
				C9A61CED18E5E5BB00BD617C /* Foundation.framework in Frameworks */,
				472A8265DA944C2DAB541FCC /* libPods.a in Frameworks */,
			);
			runOnlyForDeploymentPostprocessing = 0;
		};
		C9A61D0118E5E5BB00BD617C /* Frameworks */ = {
			isa = PBXFrameworksBuildPhase;
			buildActionMask = 2147483647;
			files = (
				C9A61D0618E5E5BB00BD617C /* XCTest.framework in Frameworks */,
				C9A61D0818E5E5BB00BD617C /* UIKit.framework in Frameworks */,
				C9A61D0718E5E5BB00BD617C /* Foundation.framework in Frameworks */,
			);
			runOnlyForDeploymentPostprocessing = 0;
		};
/* End PBXFrameworksBuildPhase section */

/* Begin PBXGroup section */
		C923B66018E690DE00B395A6 /* models */ = {
			isa = PBXGroup;
			children = (
				C923B65D18E690DA00B395A6 /* AZTweet.h */,
				C923B65E18E690DA00B395A6 /* AZTweet.m */,
				C92FE4AA18E6929E00346805 /* AZUser.h */,
				C92FE4AB18E6929E00346805 /* AZUser.m */,
				C92FE4D818E7B02D00346805 /* AZCurrentUser.h */,
				C92FE4D918E7B02D00346805 /* AZCurrentUser.m */,
			);
			name = models;
			sourceTree = "<group>";
		};
		C92FE4B718E6B12100346805 /* views */ = {
			isa = PBXGroup;
			children = (
				C92FE4B818E6B15900346805 /* AZTweetTableView.h */,
				C92FE4B918E6B15900346805 /* AZTweetTableView.m */,
				C92FE4BB18E6B1EF00346805 /* AZTweetTableViewCell.h */,
				C92FE4BC18E6B1EF00346805 /* AZTweetTableViewCell.m */,
				C92FE4BD18E6B1EF00346805 /* AZTweetTableViewCell.xib */,
				C92FE4D318E79F4300346805 /* AZUserBanner.h */,
				C92FE4D418E79F4300346805 /* AZUserBanner.m */,
				C92FE4D518E79F4300346805 /* AZUserBanner.xib */,
				C92FE4E118E7EE6900346805 /* AZNibView.h */,
				C92FE4E218E7EE6900346805 /* AZNibView.m */,
				C92FE4EB18E7F70100346805 /* AZTweetBanner.h */,
				C92FE4EC18E7F70100346805 /* AZTweetBanner.m */,
				C92FE4ED18E7F70100346805 /* AZTweetBanner.xib */,
			);
			name = views;
			sourceTree = "<group>";
		};
		C9A61CE018E5E5BB00BD617C = {
			isa = PBXGroup;
			children = (
				C9A61CF218E5E5BB00BD617C /* twitterclient */,
				C9A61CEB18E5E5BB00BD617C /* Frameworks */,
				C9A61CEA18E5E5BB00BD617C /* Products */,
				FFDD4DF9D02F4A8E9A7885D1 /* Pods.xcconfig */,
			);
			sourceTree = "<group>";
		};
		C9A61CEA18E5E5BB00BD617C /* Products */ = {
			isa = PBXGroup;
			children = (
				C9A61CE918E5E5BB00BD617C /* twitterclient.app */,
				C9A61D0418E5E5BB00BD617C /* twitterclientTests.xctest */,
			);
			name = Products;
			sourceTree = "<group>";
		};
		C9A61CEB18E5E5BB00BD617C /* Frameworks */ = {
			isa = PBXGroup;
			children = (
				C9A61CEC18E5E5BB00BD617C /* Foundation.framework */,
				C9A61CEE18E5E5BB00BD617C /* CoreGraphics.framework */,
				C9A61CF018E5E5BB00BD617C /* UIKit.framework */,
				C9A61D0518E5E5BB00BD617C /* XCTest.framework */,
				0E40A282FD5E4DA78A830C53 /* libPods.a */,
			);
			name = Frameworks;
			sourceTree = "<group>";
		};
		C9A61CF218E5E5BB00BD617C /* twitterclient */ = {
			isa = PBXGroup;
			children = (
				C92FE4B718E6B12100346805 /* views */,
				C9A61CFB18E5E5BB00BD617C /* AZAppDelegate.h */,
				C9A61CFC18E5E5BB00BD617C /* AZAppDelegate.m */,
				C9A61CFE18E5E5BB00BD617C /* Images.xcassets */,
				C9A61CF318E5E5BB00BD617C /* Supporting Files */,
				C9A61D1E18E5EC0600BD617C /* net */,
				C9A61D2318E5FF7A00BD617C /* utils */,
				C9A61D2A18E602EB00BD617C /* controllers */,
				C923B66018E690DE00B395A6 /* models */,
			);
			path = twitterclient;
			sourceTree = "<group>";
		};
		C9A61CF318E5E5BB00BD617C /* Supporting Files */ = {
			isa = PBXGroup;
			children = (
				C9A61CF418E5E5BB00BD617C /* twitterclient-Info.plist */,
				C9A61CF518E5E5BB00BD617C /* InfoPlist.strings */,
				C9A61CF818E5E5BB00BD617C /* main.m */,
				C9A61CFA18E5E5BB00BD617C /* twitterclient-Prefix.pch */,
			);
			name = "Supporting Files";
			sourceTree = "<group>";
		};
		C9A61D1E18E5EC0600BD617C /* net */ = {
			isa = PBXGroup;
			children = (
				C9A61D1B18E5EC0200BD617C /* AZTwitterClient.h */,
				C9A61D1C18E5EC0200BD617C /* AZTwitterClient.m */,
			);
			name = net;
			sourceTree = "<group>";
		};
		C9A61D2318E5FF7A00BD617C /* utils */ = {
			isa = PBXGroup;
			children = (
				C9A61D1F18E5FF6C00BD617C /* AZNotificationUtil.h */,
				C9A61D2018E5FF6C00BD617C /* AZNotificationUtil.m */,
				C9A61D3B18E62E8A00BD617C /* AZInfoUtil.h */,
				C9A61D3C18E62E8A00BD617C /* AZInfoUtil.m */,
				C9A61D3E18E6391500BD617C /* AZErrorUtil.h */,
				C9A61D3F18E6391500BD617C /* AZErrorUtil.m */,
				C92FE4DB18E7CCD800346805 /* AZDispatchUtil.h */,
				C92FE4DC18E7CCD800346805 /* AZDispatchUtil.m */,
			);
			name = utils;
			sourceTree = "<group>";
		};
		C9A61D2A18E602EB00BD617C /* controllers */ = {
			isa = PBXGroup;
			children = (
				C9A61D2E18E6069B00BD617C /* AZNavigationController.h */,
				C9A61D2F18E6069B00BD617C /* AZNavigationController.m */,
				C9A61D3118E6097800BD617C /* AZLoginController.h */,
				C9A61D3218E6097800BD617C /* AZLoginController.m */,
				C9A61D3318E6097800BD617C /* AZLoginController.xib */,
				C9A61D3618E60B2E00BD617C /* AZHomeTimelineController.h */,
				C9A61D3718E60B2E00BD617C /* AZHomeTimelineController.m */,
				C9A61D3818E60B2E00BD617C /* AZHomeTimelineController.xib */,
				C92FE4C618E7947600346805 /* AZTweetDetailsController.h */,
				C92FE4C718E7947600346805 /* AZTweetDetailsController.m */,
				C92FE4C818E7947600346805 /* AZTweetDetailsController.xib */,
				C92FE4CB18E798B300346805 /* AZComposeTweetController.h */,
				C92FE4CC18E798B300346805 /* AZComposeTweetController.m */,
				C92FE4CD18E798B300346805 /* AZComposeTweetController.xib */,
				C9B01AE918EF29AA0086E066 /* AZRootController.h */,
				C9B01AEA18EF29AA0086E066 /* AZRootController.m */,
				C9B01AEB18EF29AA0086E066 /* AZRootController.xib */,
				C9B01AF318EF9B400086E066 /* AZMenuController.h */,
				C9B01AF418EF9B400086E066 /* AZMenuController.m */,
				C9B01AF518EF9B400086E066 /* AZMenuController.xib */,
				C9B01AF818EFAE4D0086E066 /* AZProfileController.h */,
				C9B01AF918EFAE4D0086E066 /* AZProfileController.m */,
				C9B01AFA18EFAE4D0086E066 /* AZProfileController.xib */,
				C9B01B0218EFB39C0086E066 /* AZUserPageController.h */,
				C9B01B0318EFB39C0086E066 /* AZUserPageController.m */,
				C9B01B0518F0870D0086E066 /* AZUserImageSubPageController.h */,
				C9B01B0618F0870D0086E066 /* AZUserImageSubPageController.m */,
				C9B01B0718F0870D0086E066 /* AZUserImageSubPageController.xib */,
				C9B01B0A18F0AC160086E066 /* AZUserDescSubPageController.h */,
				C9B01B0B18F0AC160086E066 /* AZUserDescSubPageController.m */,
				C9B01B0C18F0AC160086E066 /* AZUserDescSubPageController.xib */,
				C9B01B0F18F1F5980086E066 /* AZUserTweetsController.h */,
				C9B01B1018F1F5980086E066 /* AZUserTweetsController.m */,
				C9B01B1118F1F5980086E066 /* AZUserTweetsController.xib */,
			);
			name = controllers;
			sourceTree = "<group>";
		};
/* End PBXGroup section */

/* Begin PBXNativeTarget section */
		C9A61CE818E5E5BB00BD617C /* twitterclient */ = {
			isa = PBXNativeTarget;
			buildConfigurationList = C9A61D1518E5E5BB00BD617C /* Build configuration list for PBXNativeTarget "twitterclient" */;
			buildPhases = (
				ABE5AA8A360E4C29B9441267 /* Check Pods Manifest.lock */,
				C9A61CE518E5E5BB00BD617C /* Sources */,
				C9A61CE618E5E5BB00BD617C /* Frameworks */,
				C9A61CE718E5E5BB00BD617C /* Resources */,
				957BD9B0115C4C19A6CFD96B /* Copy Pods Resources */,
			);
			buildRules = (
			);
			dependencies = (
			);
			name = twitterclient;
			productName = twitterclient;
			productReference = C9A61CE918E5E5BB00BD617C /* twitterclient.app */;
			productType = "com.apple.product-type.application";
		};
		C9A61D0318E5E5BB00BD617C /* twitterclientTests */ = {
			isa = PBXNativeTarget;
			buildConfigurationList = C9A61D1818E5E5BB00BD617C /* Build configuration list for PBXNativeTarget "twitterclientTests" */;
			buildPhases = (
				C9A61D0018E5E5BB00BD617C /* Sources */,
				C9A61D0118E5E5BB00BD617C /* Frameworks */,
				C9A61D0218E5E5BB00BD617C /* Resources */,
			);
			buildRules = (
			);
			dependencies = (
				C9A61D0A18E5E5BB00BD617C /* PBXTargetDependency */,
			);
			name = twitterclientTests;
			productName = twitterclientTests;
			productReference = C9A61D0418E5E5BB00BD617C /* twitterclientTests.xctest */;
			productType = "com.apple.product-type.bundle.unit-test";
		};
/* End PBXNativeTarget section */

/* Begin PBXProject section */
		C9A61CE118E5E5BB00BD617C /* Project object */ = {
			isa = PBXProject;
			attributes = {
				CLASSPREFIX = AZ;
				LastUpgradeCheck = 0510;
				ORGANIZATIONNAME = "Jonathan Azoff";
				TargetAttributes = {
					C9A61D0318E5E5BB00BD617C = {
						TestTargetID = C9A61CE818E5E5BB00BD617C;
					};
				};
			};
			buildConfigurationList = C9A61CE418E5E5BB00BD617C /* Build configuration list for PBXProject "twitterclient" */;
			compatibilityVersion = "Xcode 3.2";
			developmentRegion = English;
			hasScannedForEncodings = 0;
			knownRegions = (
				en,
			);
			mainGroup = C9A61CE018E5E5BB00BD617C;
			productRefGroup = C9A61CEA18E5E5BB00BD617C /* Products */;
			projectDirPath = "";
			projectRoot = "";
			targets = (
				C9A61CE818E5E5BB00BD617C /* twitterclient */,
				C9A61D0318E5E5BB00BD617C /* twitterclientTests */,
			);
		};
/* End PBXProject section */

/* Begin PBXResourcesBuildPhase section */
		C9A61CE718E5E5BB00BD617C /* Resources */ = {
			isa = PBXResourcesBuildPhase;
			buildActionMask = 2147483647;
			files = (
				C9B01AFC18EFAE4D0086E066 /* AZProfileController.xib in Resources */,
				C9A61CF718E5E5BB00BD617C /* InfoPlist.strings in Resources */,
				C92FE4D718E79F4300346805 /* AZUserBanner.xib in Resources */,
				C9B01B1318F1F5980086E066 /* AZUserTweetsController.xib in Resources */,
				C92FE4CF18E798B300346805 /* AZComposeTweetController.xib in Resources */,
				C92FE4BF18E6B1EF00346805 /* AZTweetTableViewCell.xib in Resources */,
				C9A61CFF18E5E5BB00BD617C /* Images.xcassets in Resources */,
				C9B01AED18EF29AA0086E066 /* AZRootController.xib in Resources */,
				C9B01AF718EF9B400086E066 /* AZMenuController.xib in Resources */,
				C9B01B0E18F0AC160086E066 /* AZUserDescSubPageController.xib in Resources */,
				C9B01B0918F0870D0086E066 /* AZUserImageSubPageController.xib in Resources */,
				C9A61D3518E6097800BD617C /* AZLoginController.xib in Resources */,
				C9A61D3A18E60B2E00BD617C /* AZHomeTimelineController.xib in Resources */,
				C92FE4EF18E7F70100346805 /* AZTweetBanner.xib in Resources */,
				C92FE4CA18E7947600346805 /* AZTweetDetailsController.xib in Resources */,
			);
			runOnlyForDeploymentPostprocessing = 0;
		};
		C9A61D0218E5E5BB00BD617C /* Resources */ = {
			isa = PBXResourcesBuildPhase;
			buildActionMask = 2147483647;
			files = (
			);
			runOnlyForDeploymentPostprocessing = 0;
		};
/* End PBXResourcesBuildPhase section */

/* Begin PBXShellScriptBuildPhase section */
		957BD9B0115C4C19A6CFD96B /* Copy Pods Resources */ = {
			isa = PBXShellScriptBuildPhase;
			buildActionMask = 2147483647;
			files = (
			);
			inputPaths = (
			);
			name = "Copy Pods Resources";
			outputPaths = (
			);
			runOnlyForDeploymentPostprocessing = 0;
			shellPath = /bin/sh;
			shellScript = "\"${SRCROOT}/Pods/Pods-resources.sh\"\n";
			showEnvVarsInLog = 0;
		};
		ABE5AA8A360E4C29B9441267 /* Check Pods Manifest.lock */ = {
			isa = PBXShellScriptBuildPhase;
			buildActionMask = 2147483647;
			files = (
			);
			inputPaths = (
			);
			name = "Check Pods Manifest.lock";
			outputPaths = (
			);
			runOnlyForDeploymentPostprocessing = 0;
			shellPath = /bin/sh;
			shellScript = "diff \"${PODS_ROOT}/../Podfile.lock\" \"${PODS_ROOT}/Manifest.lock\" > /dev/null\nif [[ $? != 0 ]] ; then\n    cat << EOM\nerror: The sandbox is not in sync with the Podfile.lock. Run 'pod install' or update your CocoaPods installation.\nEOM\n    exit 1\nfi\n";
			showEnvVarsInLog = 0;
		};
/* End PBXShellScriptBuildPhase section */

/* Begin PBXSourcesBuildPhase section */
		C9A61CE518E5E5BB00BD617C /* Sources */ = {
			isa = PBXSourcesBuildPhase;
			buildActionMask = 2147483647;
			files = (
				C92FE4EE18E7F70100346805 /* AZTweetBanner.m in Sources */,
				C9A61D2118E5FF6C00BD617C /* AZNotificationUtil.m in Sources */,
				C92FE4AC18E6929E00346805 /* AZUser.m in Sources */,
				C92FE4DD18E7CCD800346805 /* AZDispatchUtil.m in Sources */,
				C9A61D3D18E62E8A00BD617C /* AZInfoUtil.m in Sources */,
				C9B01AF618EF9B400086E066 /* AZMenuController.m in Sources */,
				C9B01AEC18EF29AA0086E066 /* AZRootController.m in Sources */,
				C92FE4CE18E798B300346805 /* AZComposeTweetController.m in Sources */,
				C92FE4E318E7EE6900346805 /* AZNibView.m in Sources */,
				C92FE4BA18E6B15900346805 /* AZTweetTableView.m in Sources */,
				C9A61D3018E6069B00BD617C /* AZNavigationController.m in Sources */,
				C9A61D4018E6391500BD617C /* AZErrorUtil.m in Sources */,
				C9B01B0D18F0AC160086E066 /* AZUserDescSubPageController.m in Sources */,
				C92FE4DA18E7B02D00346805 /* AZCurrentUser.m in Sources */,
				C92FE4C918E7947600346805 /* AZTweetDetailsController.m in Sources */,
				C9A61CF918E5E5BB00BD617C /* main.m in Sources */,
				C92FE4BE18E6B1EF00346805 /* AZTweetTableViewCell.m in Sources */,
				C9A61CFD18E5E5BB00BD617C /* AZAppDelegate.m in Sources */,
				C923B65F18E690DA00B395A6 /* AZTweet.m in Sources */,
				C9A61D3418E6097800BD617C /* AZLoginController.m in Sources */,
				C9A61D1D18E5EC0200BD617C /* AZTwitterClient.m in Sources */,
				C9B01B0418EFB39C0086E066 /* AZUserPageController.m in Sources */,
				C92FE4D618E79F4300346805 /* AZUserBanner.m in Sources */,
				C9A61D3918E60B2E00BD617C /* AZHomeTimelineController.m in Sources */,
				C9B01B0818F0870D0086E066 /* AZUserImageSubPageController.m in Sources */,
				C9B01AFB18EFAE4D0086E066 /* AZProfileController.m in Sources */,
				C9B01B1218F1F5980086E066 /* AZUserTweetsController.m in Sources */,
			);
			runOnlyForDeploymentPostprocessing = 0;
		};
		C9A61D0018E5E5BB00BD617C /* Sources */ = {
			isa = PBXSourcesBuildPhase;
			buildActionMask = 2147483647;
			files = (
			);
			runOnlyForDeploymentPostprocessing = 0;
		};
/* End PBXSourcesBuildPhase section */

/* Begin PBXTargetDependency section */
		C9A61D0A18E5E5BB00BD617C /* PBXTargetDependency */ = {
			isa = PBXTargetDependency;
			target = C9A61CE818E5E5BB00BD617C /* twitterclient */;
			targetProxy = C9A61D0918E5E5BB00BD617C /* PBXContainerItemProxy */;
		};
/* End PBXTargetDependency section */

/* Begin PBXVariantGroup section */
		C9A61CF518E5E5BB00BD617C /* InfoPlist.strings */ = {
			isa = PBXVariantGroup;
			children = (
				C9A61CF618E5E5BB00BD617C /* en */,
			);
			name = InfoPlist.strings;
			sourceTree = "<group>";
		};
/* End PBXVariantGroup section */

/* Begin XCBuildConfiguration section */
		C9A61D1318E5E5BB00BD617C /* Debug */ = {
			isa = XCBuildConfiguration;
			buildSettings = {
				ALWAYS_SEARCH_USER_PATHS = NO;
				CLANG_CXX_LANGUAGE_STANDARD = "gnu++0x";
				CLANG_CXX_LIBRARY = "libc++";
				CLANG_ENABLE_MODULES = YES;
				CLANG_ENABLE_OBJC_ARC = YES;
				CLANG_WARN_BOOL_CONVERSION = YES;
				CLANG_WARN_CONSTANT_CONVERSION = YES;
				CLANG_WARN_DIRECT_OBJC_ISA_USAGE = YES_ERROR;
				CLANG_WARN_EMPTY_BODY = YES;
				CLANG_WARN_ENUM_CONVERSION = YES;
				CLANG_WARN_INT_CONVERSION = YES;
				CLANG_WARN_OBJC_ROOT_CLASS = YES_ERROR;
				CLANG_WARN__DUPLICATE_METHOD_MATCH = YES;
				"CODE_SIGN_IDENTITY[sdk=iphoneos*]" = "iPhone Developer";
				COPY_PHASE_STRIP = NO;
				GCC_C_LANGUAGE_STANDARD = gnu99;
				GCC_DYNAMIC_NO_PIC = NO;
				GCC_OPTIMIZATION_LEVEL = 0;
				GCC_PREPROCESSOR_DEFINITIONS = (
					"DEBUG=1",
					"$(inherited)",
				);
				GCC_SYMBOLS_PRIVATE_EXTERN = NO;
				GCC_WARN_64_TO_32_BIT_CONVERSION = YES;
				GCC_WARN_ABOUT_RETURN_TYPE = YES_ERROR;
				GCC_WARN_UNDECLARED_SELECTOR = YES;
				GCC_WARN_UNINITIALIZED_AUTOS = YES_AGGRESSIVE;
				GCC_WARN_UNUSED_FUNCTION = YES;
				GCC_WARN_UNUSED_VARIABLE = YES;
				IPHONEOS_DEPLOYMENT_TARGET = 7.1;
				ONLY_ACTIVE_ARCH = YES;
				SDKROOT = iphoneos;
			};
			name = Debug;
		};
		C9A61D1418E5E5BB00BD617C /* Release */ = {
			isa = XCBuildConfiguration;
			buildSettings = {
				ALWAYS_SEARCH_USER_PATHS = NO;
				CLANG_CXX_LANGUAGE_STANDARD = "gnu++0x";
				CLANG_CXX_LIBRARY = "libc++";
				CLANG_ENABLE_MODULES = YES;
				CLANG_ENABLE_OBJC_ARC = YES;
				CLANG_WARN_BOOL_CONVERSION = YES;
				CLANG_WARN_CONSTANT_CONVERSION = YES;
				CLANG_WARN_DIRECT_OBJC_ISA_USAGE = YES_ERROR;
				CLANG_WARN_EMPTY_BODY = YES;
				CLANG_WARN_ENUM_CONVERSION = YES;
				CLANG_WARN_INT_CONVERSION = YES;
				CLANG_WARN_OBJC_ROOT_CLASS = YES_ERROR;
				CLANG_WARN__DUPLICATE_METHOD_MATCH = YES;
				"CODE_SIGN_IDENTITY[sdk=iphoneos*]" = "iPhone Developer";
				COPY_PHASE_STRIP = YES;
				ENABLE_NS_ASSERTIONS = NO;
				GCC_C_LANGUAGE_STANDARD = gnu99;
				GCC_WARN_64_TO_32_BIT_CONVERSION = YES;
				GCC_WARN_ABOUT_RETURN_TYPE = YES_ERROR;
				GCC_WARN_UNDECLARED_SELECTOR = YES;
				GCC_WARN_UNINITIALIZED_AUTOS = YES_AGGRESSIVE;
				GCC_WARN_UNUSED_FUNCTION = YES;
				GCC_WARN_UNUSED_VARIABLE = YES;
				IPHONEOS_DEPLOYMENT_TARGET = 7.1;
				SDKROOT = iphoneos;
				VALIDATE_PRODUCT = YES;
			};
			name = Release;
		};
		C9A61D1618E5E5BB00BD617C /* Debug */ = {
			isa = XCBuildConfiguration;
			baseConfigurationReference = FFDD4DF9D02F4A8E9A7885D1 /* Pods.xcconfig */;
			buildSettings = {
				ASSETCATALOG_COMPILER_APPICON_NAME = AppIcon;
				ASSETCATALOG_COMPILER_LAUNCHIMAGE_NAME = LaunchImage;
				GCC_PRECOMPILE_PREFIX_HEADER = YES;
				GCC_PREFIX_HEADER = "twitterclient/twitterclient-Prefix.pch";
				INFOPLIST_FILE = "twitterclient/twitterclient-Info.plist";
				PRODUCT_NAME = "$(TARGET_NAME)";
				WRAPPER_EXTENSION = app;
			};
			name = Debug;
		};
		C9A61D1718E5E5BB00BD617C /* Release */ = {
			isa = XCBuildConfiguration;
			baseConfigurationReference = FFDD4DF9D02F4A8E9A7885D1 /* Pods.xcconfig */;
			buildSettings = {
				ASSETCATALOG_COMPILER_APPICON_NAME = AppIcon;
				ASSETCATALOG_COMPILER_LAUNCHIMAGE_NAME = LaunchImage;
				GCC_PRECOMPILE_PREFIX_HEADER = YES;
				GCC_PREFIX_HEADER = "twitterclient/twitterclient-Prefix.pch";
				INFOPLIST_FILE = "twitterclient/twitterclient-Info.plist";
				PRODUCT_NAME = "$(TARGET_NAME)";
				WRAPPER_EXTENSION = app;
			};
			name = Release;
		};
		C9A61D1918E5E5BB00BD617C /* Debug */ = {
			isa = XCBuildConfiguration;
			buildSettings = {
				BUNDLE_LOADER = "$(BUILT_PRODUCTS_DIR)/twitterclient.app/twitterclient";
				FRAMEWORK_SEARCH_PATHS = (
					"$(SDKROOT)/Developer/Library/Frameworks",
					"$(inherited)",
					"$(DEVELOPER_FRAMEWORKS_DIR)",
				);
				GCC_PRECOMPILE_PREFIX_HEADER = YES;
				GCC_PREFIX_HEADER = "twitterclient/twitterclient-Prefix.pch";
				GCC_PREPROCESSOR_DEFINITIONS = (
					"DEBUG=1",
					"$(inherited)",
				);
				INFOPLIST_FILE = "twitterclientTests/twitterclientTests-Info.plist";
				PRODUCT_NAME = "$(TARGET_NAME)";
				TEST_HOST = "$(BUNDLE_LOADER)";
				WRAPPER_EXTENSION = xctest;
			};
			name = Debug;
		};
		C9A61D1A18E5E5BB00BD617C /* Release */ = {
			isa = XCBuildConfiguration;
			buildSettings = {
				BUNDLE_LOADER = "$(BUILT_PRODUCTS_DIR)/twitterclient.app/twitterclient";
				FRAMEWORK_SEARCH_PATHS = (
					"$(SDKROOT)/Developer/Library/Frameworks",
					"$(inherited)",
					"$(DEVELOPER_FRAMEWORKS_DIR)",
				);
				GCC_PRECOMPILE_PREFIX_HEADER = YES;
				GCC_PREFIX_HEADER = "twitterclient/twitterclient-Prefix.pch";
				INFOPLIST_FILE = "twitterclientTests/twitterclientTests-Info.plist";
				PRODUCT_NAME = "$(TARGET_NAME)";
				TEST_HOST = "$(BUNDLE_LOADER)";
				WRAPPER_EXTENSION = xctest;
			};
			name = Release;
		};
/* End XCBuildConfiguration section */

/* Begin XCConfigurationList section */
		C9A61CE418E5E5BB00BD617C /* Build configuration list for PBXProject "twitterclient" */ = {
			isa = XCConfigurationList;
			buildConfigurations = (
				C9A61D1318E5E5BB00BD617C /* Debug */,
				C9A61D1418E5E5BB00BD617C /* Release */,
			);
			defaultConfigurationIsVisible = 0;
			defaultConfigurationName = Release;
		};
		C9A61D1518E5E5BB00BD617C /* Build configuration list for PBXNativeTarget "twitterclient" */ = {
			isa = XCConfigurationList;
			buildConfigurations = (
				C9A61D1618E5E5BB00BD617C /* Debug */,
				C9A61D1718E5E5BB00BD617C /* Release */,
			);
			defaultConfigurationIsVisible = 0;
			defaultConfigurationName = Release;
		};
		C9A61D1818E5E5BB00BD617C /* Build configuration list for PBXNativeTarget "twitterclientTests" */ = {
			isa = XCConfigurationList;
			buildConfigurations = (
				C9A61D1918E5E5BB00BD617C /* Debug */,
				C9A61D1A18E5E5BB00BD617C /* Release */,
			);
			defaultConfigurationIsVisible = 0;
			defaultConfigurationName = Release;
		};
/* End XCConfigurationList section */
	};
	rootObject = C9A61CE118E5E5BB00BD617C /* Project object */;
}
